
Microsoft Visual Studio Solution File, Format Version 12.00
# Visual Studio 14
VisualStudioVersion = 14.0.25420.1
MinimumVisualStudioVersion = 10.0.40219.1
Project("{F184B08F-C81C-45F6-A57F-5ABD9991F28F}") = "MillonarioExtremeB2", "MillonarioExtremeB2\MillonarioExtremeB2.vbproj", "{6C7BF498-4B3A-4535-9FE4-DEC448FEE061}"
EndProject
Project("{F184B08F-C81C-45F6-A57F-5ABD9991F28F}") = "ConfiguratorLauncher", "ConfiguratorLauncher\ConfiguratorLauncher.vbproj", "{B98E9F86-9B97-4A2E-8834-9A24874CC628}"
EndProject
Global
	GlobalSection(SolutionConfigurationPlatforms) = preSolution
		Debug|Any CPU = Debug|Any CPU
		Release|Any CPU = Release|Any CPU
	EndGlobalSection
	GlobalSection(ProjectConfigurationPlatforms) = postSolution
		{6C7BF498-4B3A-4535-9FE4-DEC448FEE061}.Debug|Any CPU.ActiveCfg = Debug|Any CPU
		{6C7BF498-4B3A-4535-9FE4-DEC448FEE061}.Debug|Any CPU.Build.0 = Debug|Any CPU
		{6C7BF498-4B3A-4535-9FE4-DEC448FEE061}.Release|Any CPU.ActiveCfg = Release|Any CPU
		{6C7BF498-4B3A-4535-9FE4-DEC448FEE061}.Release|Any CPU.Build.0 = Release|Any CPU
		{B98E9F86-9B97-4A2E-8834-9A24874CC628}.Debug|Any CPU.ActiveCfg = Debug|Any CPU
		{B98E9F86-9B97-4A2E-8834-9A24874CC628}.Debug|Any CPU.Build.0 = Debug|Any CPU
		{B98E9F86-9B97-4A2E-8834-9A24874CC628}.Release|Any CPU.ActiveCfg = Release|Any CPU
		{B98E9F86-9B97-4A2E-8834-9A24874CC628}.Release|Any CPU.Build.0 = Release|Any CPU
	EndGlobalSection
	GlobalSection(SolutionProperties) = preSolution
		HideSolutionNode = FALSE
	EndGlobalSection
EndGlobal
